
Microsoft Visual Studio Solution File, Format Version 12.00
# Visual Studio Version 16
VisualStudioVersion = 16.0.29020.237
MinimumVisualStudioVersion = 10.0.40219.1
Project("{9A19103F-16F7-4668-BE54-9A1E7A4F7556}") = "TeduEcommerce.Domain", "src\TeduEcommerce.Domain\TeduEcommerce.Domain.csproj", "{554AD327-6DBA-4F8F-96F8-81CE7A0C863F}"
EndProject
Project("{9A19103F-16F7-4668-BE54-9A1E7A4F7556}") = "TeduEcommerce.Application", "src\TeduEcommerce.Application\TeduEcommerce.Application.csproj", "{1A94A50E-06DC-43C1-80B5-B662820EC3EB}"
EndProject
Project("{9A19103F-16F7-4668-BE54-9A1E7A4F7556}") = "TeduEcommerce.EntityFrameworkCore", "src\TeduEcommerce.EntityFrameworkCore\TeduEcommerce.EntityFrameworkCore.csproj", "{C956DD76-69C8-4A9C-83EA-D17DF83340FD}"
EndProject
Project("{2150E333-8FDC-42A3-9474-1A3956D46DE8}") = "src", "src", "{CA9AC87F-097E-4F15-8393-4BC07735A5B0}"
EndProject
Project("{2150E333-8FDC-42A3-9474-1A3956D46DE8}") = "test", "test", "{04DBDB01-70F4-4E06-B468-8F87850B22BE}"
EndProject
Project("{9A19103F-16F7-4668-BE54-9A1E7A4F7556}") = "TeduEcommerce.Application.Tests", "test\TeduEcommerce.Application.Tests\TeduEcommerce.Application.Tests.csproj", "{50B2631D-129C-47B3-A587-029CCD6099BC}"
EndProject
Project("{9A19103F-16F7-4668-BE54-9A1E7A4F7556}") = "TeduEcommerce.Domain.Shared", "src\TeduEcommerce.Domain.Shared\TeduEcommerce.Domain.Shared.csproj", "{42F719ED-8413-4895-B5B4-5AB56079BC66}"
EndProject
Project("{9A19103F-16F7-4668-BE54-9A1E7A4F7556}") = "TeduEcommerce.Application.Contracts", "src\TeduEcommerce.Application.Contracts\TeduEcommerce.Application.Contracts.csproj", "{520659C8-C734-4298-A3DA-B539DB9DFC0B}"
EndProject
Project("{9A19103F-16F7-4668-BE54-9A1E7A4F7556}") = "TeduEcommerce.HttpApi", "src\TeduEcommerce.HttpApi\TeduEcommerce.HttpApi.csproj", "{4164BDF7-F527-4E85-9CE6-E3C2D7426A27}"
EndProject
Project("{9A19103F-16F7-4668-BE54-9A1E7A4F7556}") = "TeduEcommerce.HttpApi.Client", "src\TeduEcommerce.HttpApi.Client\TeduEcommerce.HttpApi.Client.csproj", "{3B5A0094-670D-4BB1-BFDD-61B88A8773DC}"
EndProject
Project("{9A19103F-16F7-4668-BE54-9A1E7A4F7556}") = "TeduEcommerce.AuthServer", "src\TeduEcommerce.AuthServer\TeduEcommerce.AuthServer.csproj", "{073C361E-B8F4-49F5-93CC-72A3FF49C026}"
EndProject
Project("{9A19103F-16F7-4668-BE54-9A1E7A4F7556}") = "TeduEcommerce.HttpApi.Host", "src\TeduEcommerce.HttpApi.Host\TeduEcommerce.HttpApi.Host.csproj", "{E6D5BF0E-DE92-4D82-A352-EF04B37CB11C}"
EndProject
Project("{9A19103F-16F7-4668-BE54-9A1E7A4F7556}") = "TeduEcommerce.EntityFrameworkCore.Tests", "test\TeduEcommerce.EntityFrameworkCore.Tests\TeduEcommerce.EntityFrameworkCore.Tests.csproj", "{1FE30EB9-74A9-47F5-A9F6-7B1FAB672D81}"
EndProject
Project("{9A19103F-16F7-4668-BE54-9A1E7A4F7556}") = "TeduEcommerce.TestBase", "test\TeduEcommerce.TestBase\TeduEcommerce.TestBase.csproj", "{91853F21-9CD9-4132-BC29-A7D5D84FFFE7}"
EndProject
Project("{9A19103F-16F7-4668-BE54-9A1E7A4F7556}") = "TeduEcommerce.Domain.Tests", "test\TeduEcommerce.Domain.Tests\TeduEcommerce.Domain.Tests.csproj", "{E512F4D9-9375-480F-A2F6-A46509F9D824}"
EndProject
Project("{9A19103F-16F7-4668-BE54-9A1E7A4F7556}") = "TeduEcommerce.HttpApi.Client.ConsoleTestApp", "test\TeduEcommerce.HttpApi.Client.ConsoleTestApp\TeduEcommerce.HttpApi.Client.ConsoleTestApp.csproj", "{EF480016-9127-4916-8735-D2466BDBC582}"
EndProject
Project("{9A19103F-16F7-4668-BE54-9A1E7A4F7556}") = "TeduEcommerce.DbMigrator", "src\TeduEcommerce.DbMigrator\TeduEcommerce.DbMigrator.csproj", "{AA94D832-1CCC-4715-95A9-A483F23A1A5D}"
EndProject
Project("{2150E333-8FDC-42A3-9474-1A3956D46DE8}") = "common", "common", "{89C8D692-5642-46EE-9B3E-68CECFD4EE24}"
EndProject
Project("{2150E333-8FDC-42A3-9474-1A3956D46DE8}") = "domain", "domain", "{3DDA230A-6BAE-4FF2-8462-A9C9E03EA5AC}"
EndProject
Project("{2150E333-8FDC-42A3-9474-1A3956D46DE8}") = "infrastructure", "infrastructure", "{95C6D81C-C9BE-494C-BB78-B9B36E275403}"
EndProject
Project("{2150E333-8FDC-42A3-9474-1A3956D46DE8}") = "public", "public", "{AA08BCBB-CC11-4641-A24E-BC66FB51113A}"
EndProject
Project("{2150E333-8FDC-42A3-9474-1A3956D46DE8}") = "identity", "identity", "{15110736-A301-4394-8CC3-25ED0049CB23}"
EndProject
Project("{2150E333-8FDC-42A3-9474-1A3956D46DE8}") = "admin", "admin", "{39ADD4D8-E192-4D30-913B-2896CB96041F}"
EndProject
Project("{FAE04EC0-301F-11D3-BF4B-00C04F79EFBC}") = "TeduEcommerce.Admin.Application", "src\TeduEcommerce.Admin.Application\TeduEcommerce.Admin.Application.csproj", "{616907D1-C060-4238-BD3A-60C29BEBFC86}"
EndProject
Project("{FAE04EC0-301F-11D3-BF4B-00C04F79EFBC}") = "TeduEcommerce.Admin.Application.Contracts", "src\TeduEcommerce.Admin.Application.Contracts\TeduEcommerce.Admin.Application.Contracts.csproj", "{96E8470F-D4C9-43B1-BB4D-AE095006A027}"
EndProject
Project("{FAE04EC0-301F-11D3-BF4B-00C04F79EFBC}") = "TeduEcommerce.Admin.HttpApi", "src\TeduEcommerce.Admin.HttpApi\TeduEcommerce.Admin.HttpApi.csproj", "{069B260D-304C-47C4-99D7-053FE3824826}"
EndProject
Project("{FAE04EC0-301F-11D3-BF4B-00C04F79EFBC}") = "TeduEcommerce.Admin.HttpApi.Client", "src\TeduEcommerce.Admin.HttpApi.Client\TeduEcommerce.Admin.HttpApi.Client.csproj", "{59703BB6-ECB1-450C-B1BB-7419C219D1F2}"
EndProject
Project("{FAE04EC0-301F-11D3-BF4B-00C04F79EFBC}") = "TeduEcommerce.Admin.HttpApi.Host", "src\TeduEcommerce.Admin.HttpApi.Host\TeduEcommerce.Admin.HttpApi.Host.csproj", "{E40BAC5A-0EE9-4039-B2EB-66BFB662CCC3}"
EndProject
Project("{2150E333-8FDC-42A3-9474-1A3956D46DE8}") = "public", "public", "{8D86C1E9-FEAA-4F97-BFE2-2259C1EB728F}"
EndProject
Project("{2150E333-8FDC-42A3-9474-1A3956D46DE8}") = "admin", "admin", "{497FF60F-B7DD-4737-9867-335495B3C0CD}"
EndProject
Project("{FAE04EC0-301F-11D3-BF4B-00C04F79EFBC}") = "TeduEcommerce.Admin.Application.Tests", "test\TeduEcommerce.Admin.Application.Tests\TeduEcommerce.Admin.Application.Tests.csproj", "{61AF6E1A-B860-4F65-B09C-9B94F5C62C7B}"
EndProject
Project("{FAE04EC0-301F-11D3-BF4B-00C04F79EFBC}") = "TeduEcommerce.Admin.HttpApi.Client.ConsoleTestApp", "test\TeduEcommerce.Admin.HttpApi.Client.ConsoleTestApp\TeduEcommerce.Admin.HttpApi.Client.ConsoleTestApp.csproj", "{65CB9671-49DC-41C7-8920-F0CF677005F5}"
EndProject
Project("{2150E333-8FDC-42A3-9474-1A3956D46DE8}") = "shared", "shared", "{C6C86A2B-3CC6-4260-846D-1880064A2B06}"
EndProject
Global
	GlobalSection(SolutionConfigurationPlatforms) = preSolution
		Debug|Any CPU = Debug|Any CPU
		Release|Any CPU = Release|Any CPU
	EndGlobalSection
	GlobalSection(ProjectConfigurationPlatforms) = postSolution
		{554AD327-6DBA-4F8F-96F8-81CE7A0C863F}.Debug|Any CPU.ActiveCfg = Debug|Any CPU
		{554AD327-6DBA-4F8F-96F8-81CE7A0C863F}.Debug|Any CPU.Build.0 = Debug|Any CPU
		{554AD327-6DBA-4F8F-96F8-81CE7A0C863F}.Release|Any CPU.ActiveCfg = Release|Any CPU
		{554AD327-6DBA-4F8F-96F8-81CE7A0C863F}.Release|Any CPU.Build.0 = Release|Any CPU
		{1A94A50E-06DC-43C1-80B5-B662820EC3EB}.Debug|Any CPU.ActiveCfg = Debug|Any CPU
		{1A94A50E-06DC-43C1-80B5-B662820EC3EB}.Debug|Any CPU.Build.0 = Debug|Any CPU
		{1A94A50E-06DC-43C1-80B5-B662820EC3EB}.Release|Any CPU.ActiveCfg = Release|Any CPU
		{1A94A50E-06DC-43C1-80B5-B662820EC3EB}.Release|Any CPU.Build.0 = Release|Any CPU
		{C956DD76-69C8-4A9C-83EA-D17DF83340FD}.Debug|Any CPU.ActiveCfg = Debug|Any CPU
		{C956DD76-69C8-4A9C-83EA-D17DF83340FD}.Debug|Any CPU.Build.0 = Debug|Any CPU
		{C956DD76-69C8-4A9C-83EA-D17DF83340FD}.Release|Any CPU.ActiveCfg = Release|Any CPU
		{C956DD76-69C8-4A9C-83EA-D17DF83340FD}.Release|Any CPU.Build.0 = Release|Any CPU
		{50B2631D-129C-47B3-A587-029CCD6099BC}.Debug|Any CPU.ActiveCfg = Debug|Any CPU
		{50B2631D-129C-47B3-A587-029CCD6099BC}.Debug|Any CPU.Build.0 = Debug|Any CPU
		{50B2631D-129C-47B3-A587-029CCD6099BC}.Release|Any CPU.ActiveCfg = Release|Any CPU
		{50B2631D-129C-47B3-A587-029CCD6099BC}.Release|Any CPU.Build.0 = Release|Any CPU
		{42F719ED-8413-4895-B5B4-5AB56079BC66}.Debug|Any CPU.ActiveCfg = Debug|Any CPU
		{42F719ED-8413-4895-B5B4-5AB56079BC66}.Debug|Any CPU.Build.0 = Debug|Any CPU
		{42F719ED-8413-4895-B5B4-5AB56079BC66}.Release|Any CPU.ActiveCfg = Release|Any CPU
		{42F719ED-8413-4895-B5B4-5AB56079BC66}.Release|Any CPU.Build.0 = Release|Any CPU
		{520659C8-C734-4298-A3DA-B539DB9DFC0B}.Debug|Any CPU.ActiveCfg = Debug|Any CPU
		{520659C8-C734-4298-A3DA-B539DB9DFC0B}.Debug|Any CPU.Build.0 = Debug|Any CPU
		{520659C8-C734-4298-A3DA-B539DB9DFC0B}.Release|Any CPU.ActiveCfg = Release|Any CPU
		{520659C8-C734-4298-A3DA-B539DB9DFC0B}.Release|Any CPU.Build.0 = Release|Any CPU
		{4164BDF7-F527-4E85-9CE6-E3C2D7426A27}.Debug|Any CPU.ActiveCfg = Debug|Any CPU
		{4164BDF7-F527-4E85-9CE6-E3C2D7426A27}.Debug|Any CPU.Build.0 = Debug|Any CPU
		{4164BDF7-F527-4E85-9CE6-E3C2D7426A27}.Release|Any CPU.ActiveCfg = Release|Any CPU
		{4164BDF7-F527-4E85-9CE6-E3C2D7426A27}.Release|Any CPU.Build.0 = Release|Any CPU
		{3B5A0094-670D-4BB1-BFDD-61B88A8773DC}.Debug|Any CPU.ActiveCfg = Debug|Any CPU
		{3B5A0094-670D-4BB1-BFDD-61B88A8773DC}.Debug|Any CPU.Build.0 = Debug|Any CPU
		{3B5A0094-670D-4BB1-BFDD-61B88A8773DC}.Release|Any CPU.ActiveCfg = Release|Any CPU
		{3B5A0094-670D-4BB1-BFDD-61B88A8773DC}.Release|Any CPU.Build.0 = Release|Any CPU
		{073C361E-B8F4-49F5-93CC-72A3FF49C026}.Debug|Any CPU.ActiveCfg = Debug|Any CPU
		{073C361E-B8F4-49F5-93CC-72A3FF49C026}.Debug|Any CPU.Build.0 = Debug|Any CPU
		{073C361E-B8F4-49F5-93CC-72A3FF49C026}.Release|Any CPU.ActiveCfg = Release|Any CPU
		{073C361E-B8F4-49F5-93CC-72A3FF49C026}.Release|Any CPU.Build.0 = Release|Any CPU
		{E6D5BF0E-DE92-4D82-A352-EF04B37CB11C}.Debug|Any CPU.ActiveCfg = Debug|Any CPU
		{E6D5BF0E-DE92-4D82-A352-EF04B37CB11C}.Debug|Any CPU.Build.0 = Debug|Any CPU
		{E6D5BF0E-DE92-4D82-A352-EF04B37CB11C}.Release|Any CPU.ActiveCfg = Release|Any CPU
		{E6D5BF0E-DE92-4D82-A352-EF04B37CB11C}.Release|Any CPU.Build.0 = Release|Any CPU
		{1FE30EB9-74A9-47F5-A9F6-7B1FAB672D81}.Debug|Any CPU.ActiveCfg = Debug|Any CPU
		{1FE30EB9-74A9-47F5-A9F6-7B1FAB672D81}.Debug|Any CPU.Build.0 = Debug|Any CPU
		{1FE30EB9-74A9-47F5-A9F6-7B1FAB672D81}.Release|Any CPU.ActiveCfg = Release|Any CPU
		{1FE30EB9-74A9-47F5-A9F6-7B1FAB672D81}.Release|Any CPU.Build.0 = Release|Any CPU
		{91853F21-9CD9-4132-BC29-A7D5D84FFFE7}.Debug|Any CPU.ActiveCfg = Debug|Any CPU
		{91853F21-9CD9-4132-BC29-A7D5D84FFFE7}.Debug|Any CPU.Build.0 = Debug|Any CPU
		{91853F21-9CD9-4132-BC29-A7D5D84FFFE7}.Release|Any CPU.ActiveCfg = Release|Any CPU
		{91853F21-9CD9-4132-BC29-A7D5D84FFFE7}.Release|Any CPU.Build.0 = Release|Any CPU
		{E512F4D9-9375-480F-A2F6-A46509F9D824}.Debug|Any CPU.ActiveCfg = Debug|Any CPU
		{E512F4D9-9375-480F-A2F6-A46509F9D824}.Debug|Any CPU.Build.0 = Debug|Any CPU
		{E512F4D9-9375-480F-A2F6-A46509F9D824}.Release|Any CPU.ActiveCfg = Release|Any CPU
		{E512F4D9-9375-480F-A2F6-A46509F9D824}.Release|Any CPU.Build.0 = Release|Any CPU
		{EF480016-9127-4916-8735-D2466BDBC582}.Debug|Any CPU.ActiveCfg = Debug|Any CPU
		{EF480016-9127-4916-8735-D2466BDBC582}.Debug|Any CPU.Build.0 = Debug|Any CPU
		{EF480016-9127-4916-8735-D2466BDBC582}.Release|Any CPU.ActiveCfg = Release|Any CPU
		{EF480016-9127-4916-8735-D2466BDBC582}.Release|Any CPU.Build.0 = Release|Any CPU
		{AA94D832-1CCC-4715-95A9-A483F23A1A5D}.Debug|Any CPU.ActiveCfg = Debug|Any CPU
		{AA94D832-1CCC-4715-95A9-A483F23A1A5D}.Debug|Any CPU.Build.0 = Debug|Any CPU
		{AA94D832-1CCC-4715-95A9-A483F23A1A5D}.Release|Any CPU.ActiveCfg = Release|Any CPU
		{AA94D832-1CCC-4715-95A9-A483F23A1A5D}.Release|Any CPU.Build.0 = Release|Any CPU
		{616907D1-C060-4238-BD3A-60C29BEBFC86}.Debug|Any CPU.ActiveCfg = Debug|Any CPU
		{616907D1-C060-4238-BD3A-60C29BEBFC86}.Debug|Any CPU.Build.0 = Debug|Any CPU
		{616907D1-C060-4238-BD3A-60C29BEBFC86}.Release|Any CPU.ActiveCfg = Release|Any CPU
		{616907D1-C060-4238-BD3A-60C29BEBFC86}.Release|Any CPU.Build.0 = Release|Any CPU
		{96E8470F-D4C9-43B1-BB4D-AE095006A027}.Debug|Any CPU.ActiveCfg = Debug|Any CPU
		{96E8470F-D4C9-43B1-BB4D-AE095006A027}.Debug|Any CPU.Build.0 = Debug|Any CPU
		{96E8470F-D4C9-43B1-BB4D-AE095006A027}.Release|Any CPU.ActiveCfg = Release|Any CPU
		{96E8470F-D4C9-43B1-BB4D-AE095006A027}.Release|Any CPU.Build.0 = Release|Any CPU
		{069B260D-304C-47C4-99D7-053FE3824826}.Debug|Any CPU.ActiveCfg = Debug|Any CPU
		{069B260D-304C-47C4-99D7-053FE3824826}.Debug|Any CPU.Build.0 = Debug|Any CPU
		{069B260D-304C-47C4-99D7-053FE3824826}.Release|Any CPU.ActiveCfg = Release|Any CPU
		{069B260D-304C-47C4-99D7-053FE3824826}.Release|Any CPU.Build.0 = Release|Any CPU
		{59703BB6-ECB1-450C-B1BB-7419C219D1F2}.Debug|Any CPU.ActiveCfg = Debug|Any CPU
		{59703BB6-ECB1-450C-B1BB-7419C219D1F2}.Debug|Any CPU.Build.0 = Debug|Any CPU
		{59703BB6-ECB1-450C-B1BB-7419C219D1F2}.Release|Any CPU.ActiveCfg = Release|Any CPU
		{59703BB6-ECB1-450C-B1BB-7419C219D1F2}.Release|Any CPU.Build.0 = Release|Any CPU
		{E40BAC5A-0EE9-4039-B2EB-66BFB662CCC3}.Debug|Any CPU.ActiveCfg = Debug|Any CPU
		{E40BAC5A-0EE9-4039-B2EB-66BFB662CCC3}.Debug|Any CPU.Build.0 = Debug|Any CPU
		{E40BAC5A-0EE9-4039-B2EB-66BFB662CCC3}.Release|Any CPU.ActiveCfg = Release|Any CPU
		{E40BAC5A-0EE9-4039-B2EB-66BFB662CCC3}.Release|Any CPU.Build.0 = Release|Any CPU
		{61AF6E1A-B860-4F65-B09C-9B94F5C62C7B}.Debug|Any CPU.ActiveCfg = Debug|Any CPU
		{61AF6E1A-B860-4F65-B09C-9B94F5C62C7B}.Debug|Any CPU.Build.0 = Debug|Any CPU
		{61AF6E1A-B860-4F65-B09C-9B94F5C62C7B}.Release|Any CPU.ActiveCfg = Release|Any CPU
		{61AF6E1A-B860-4F65-B09C-9B94F5C62C7B}.Release|Any CPU.Build.0 = Release|Any CPU
		{65CB9671-49DC-41C7-8920-F0CF677005F5}.Debug|Any CPU.ActiveCfg = Debug|Any CPU
		{65CB9671-49DC-41C7-8920-F0CF677005F5}.Debug|Any CPU.Build.0 = Debug|Any CPU
		{65CB9671-49DC-41C7-8920-F0CF677005F5}.Release|Any CPU.ActiveCfg = Release|Any CPU
		{65CB9671-49DC-41C7-8920-F0CF677005F5}.Release|Any CPU.Build.0 = Release|Any CPU
	EndGlobalSection
	GlobalSection(SolutionProperties) = preSolution
		HideSolutionNode = FALSE
	EndGlobalSection
	GlobalSection(NestedProjects) = preSolution
		{89C8D692-5642-46EE-9B3E-68CECFD4EE24} = {CA9AC87F-097E-4F15-8393-4BC07735A5B0}
		{3DDA230A-6BAE-4FF2-8462-A9C9E03EA5AC} = {89C8D692-5642-46EE-9B3E-68CECFD4EE24}
		{95C6D81C-C9BE-494C-BB78-B9B36E275403} = {89C8D692-5642-46EE-9B3E-68CECFD4EE24}
		{554AD327-6DBA-4F8F-96F8-81CE7A0C863F} = {3DDA230A-6BAE-4FF2-8462-A9C9E03EA5AC}
		{42F719ED-8413-4895-B5B4-5AB56079BC66} = {3DDA230A-6BAE-4FF2-8462-A9C9E03EA5AC}
		{AA94D832-1CCC-4715-95A9-A483F23A1A5D} = {95C6D81C-C9BE-494C-BB78-B9B36E275403}
		{C956DD76-69C8-4A9C-83EA-D17DF83340FD} = {95C6D81C-C9BE-494C-BB78-B9B36E275403}
		{AA08BCBB-CC11-4641-A24E-BC66FB51113A} = {CA9AC87F-097E-4F15-8393-4BC07735A5B0}
		{3B5A0094-670D-4BB1-BFDD-61B88A8773DC} = {AA08BCBB-CC11-4641-A24E-BC66FB51113A}
		{520659C8-C734-4298-A3DA-B539DB9DFC0B} = {AA08BCBB-CC11-4641-A24E-BC66FB51113A}
		{E6D5BF0E-DE92-4D82-A352-EF04B37CB11C} = {AA08BCBB-CC11-4641-A24E-BC66FB51113A}
		{4164BDF7-F527-4E85-9CE6-E3C2D7426A27} = {AA08BCBB-CC11-4641-A24E-BC66FB51113A}
		{1A94A50E-06DC-43C1-80B5-B662820EC3EB} = {AA08BCBB-CC11-4641-A24E-BC66FB51113A}
		{15110736-A301-4394-8CC3-25ED0049CB23} = {CA9AC87F-097E-4F15-8393-4BC07735A5B0}
		{073C361E-B8F4-49F5-93CC-72A3FF49C026} = {15110736-A301-4394-8CC3-25ED0049CB23}
		{39ADD4D8-E192-4D30-913B-2896CB96041F} = {CA9AC87F-097E-4F15-8393-4BC07735A5B0}
		{616907D1-C060-4238-BD3A-60C29BEBFC86} = {39ADD4D8-E192-4D30-913B-2896CB96041F}
		{96E8470F-D4C9-43B1-BB4D-AE095006A027} = {39ADD4D8-E192-4D30-913B-2896CB96041F}
		{069B260D-304C-47C4-99D7-053FE3824826} = {39ADD4D8-E192-4D30-913B-2896CB96041F}
		{59703BB6-ECB1-450C-B1BB-7419C219D1F2} = {39ADD4D8-E192-4D30-913B-2896CB96041F}
		{E40BAC5A-0EE9-4039-B2EB-66BFB662CCC3} = {39ADD4D8-E192-4D30-913B-2896CB96041F}
		{8D86C1E9-FEAA-4F97-BFE2-2259C1EB728F} = {04DBDB01-70F4-4E06-B468-8F87850B22BE}
		{50B2631D-129C-47B3-A587-029CCD6099BC} = {8D86C1E9-FEAA-4F97-BFE2-2259C1EB728F}
		{E512F4D9-9375-480F-A2F6-A46509F9D824} = {8D86C1E9-FEAA-4F97-BFE2-2259C1EB728F}
		{497FF60F-B7DD-4737-9867-335495B3C0CD} = {04DBDB01-70F4-4E06-B468-8F87850B22BE}
		{61AF6E1A-B860-4F65-B09C-9B94F5C62C7B} = {497FF60F-B7DD-4737-9867-335495B3C0CD}
		{65CB9671-49DC-41C7-8920-F0CF677005F5} = {497FF60F-B7DD-4737-9867-335495B3C0CD}
		{C6C86A2B-3CC6-4260-846D-1880064A2B06} = {04DBDB01-70F4-4E06-B468-8F87850B22BE}
		{91853F21-9CD9-4132-BC29-A7D5D84FFFE7} = {C6C86A2B-3CC6-4260-846D-1880064A2B06}
		{1FE30EB9-74A9-47F5-A9F6-7B1FAB672D81} = {C6C86A2B-3CC6-4260-846D-1880064A2B06}
		{EF480016-9127-4916-8735-D2466BDBC582} = {C6C86A2B-3CC6-4260-846D-1880064A2B06}
	EndGlobalSection
	GlobalSection(ExtensibilityGlobals) = postSolution
		SolutionGuid = {28315BFD-90E7-4E14-A2EA-F3D23AF4126F}
	EndGlobalSection
EndGlobal
